
Microsoft Visual Studio Solution File, Format Version 10.00
# Visual Studio 2008
Project("{FAE04EC0-301F-11D3-BF4B-00C04F79EFBC}") = "JTemplates", "JTemplates\JTemplates.csproj", "{4C763552-2C5D-48AB-9D29-8B8F1CD13EE7}"
EndProject
Global
	GlobalSection(SolutionConfigurationPlatforms) = preSolution
		Debug|Any CPU = Debug|Any CPU
		Release|Any CPU = Release|Any CPU
	EndGlobalSection
	GlobalSection(ProjectConfigurationPlatforms) = postSolution
		{4C763552-2C5D-48AB-9D29-8B8F1CD13EE7}.Debug|Any CPU.ActiveCfg = Debug|Any CPU
		{4C763552-2C5D-48AB-9D29-8B8F1CD13EE7}.Debug|Any CPU.Build.0 = Debug|Any CPU
		{4C763552-2C5D-48AB-9D29-8B8F1CD13EE7}.Release|Any CPU.ActiveCfg = Release|Any CPU
		{4C763552-2C5D-48AB-9D29-8B8F1CD13EE7}.Release|Any CPU.Build.0 = Release|Any CPU
	EndGlobalSection
	GlobalSection(SolutionProperties) = preSolution
		HideSolutionNode = FALSE
	EndGlobalSection
EndGlobal
